{
	"name": "dav-ui-components",
	"version": "0.7.3",
	"lockfileVersion": 2,
	"requires": true,
	"packages": {
		"": {
			"name": "dav-ui-components",
			"version": "0.7.3",
			"license": "MIT",
			"dependencies": {
				"@fluentui/web-components": "^2.1.0",
				"autosize": "^5.0.1",
				"lit": "^2.0.2"
			},
			"devDependencies": {
				"tslib": "^2.3.1",
				"typescript": "^4.5.2"
			}
		},
		"node_modules/@fluentui/web-components": {
			"version": "2.1.0",
			"resolved": "https://registry.npmjs.org/@fluentui/web-components/-/web-components-2.1.0.tgz",
			"integrity": "sha512-iYF9I8xpIPgcUQQmIxA5Gc6M6o7yuvpmavMDQbNYEl5g9LeQXsBwpckqxnxs1Md8F5j7Jl/mKDI1HJXCu9zYFw==",
			"dependencies": {
				"@microsoft/fast-colors": "^5.1.0",
				"@microsoft/fast-element": "^1.6.0",
				"@microsoft/fast-foundation": "^2.24.0",
				"@microsoft/fast-web-utilities": "^5.0.0",
				"tslib": "^1.13.0"
			}
		},
		"node_modules/@fluentui/web-components/node_modules/tslib": {
			"version": "1.14.1",
			"resolved": "https://registry.npmjs.org/tslib/-/tslib-1.14.1.tgz",
			"integrity": "sha512-Xni35NKzjgMrwevysHTCArtLDpPvye8zV/0E4EyYn43P7/7qvQwPh9BGkHewbMulVntbigmcT7rdX3BNo9wRJg=="
		},
		"node_modules/@lit/reactive-element": {
			"version": "1.0.1",
			"resolved": "https://registry.npmjs.org/@lit/reactive-element/-/reactive-element-1.0.1.tgz",
			"integrity": "sha512-nSD5AA2AZkKuXuvGs8IK7K5ZczLAogfDd26zT9l6S7WzvqALdVWcW5vMUiTnZyj5SPcNwNNANj0koeV1ieqTFQ=="
		},
		"node_modules/@microsoft/fast-colors": {
			"version": "5.1.3",
			"resolved": "https://registry.npmjs.org/@microsoft/fast-colors/-/fast-colors-5.1.3.tgz",
			"integrity": "sha512-XDEnRYxPO5P3Jsizm4TCxLu1osS/uV3Lym6SfRhq2PxfXPTgEcdvOYDUXyV2drqebs3U5VQnOcYcJiSp73xhng=="
		},
		"node_modules/@microsoft/fast-element": {
			"version": "1.6.2",
			"resolved": "https://registry.npmjs.org/@microsoft/fast-element/-/fast-element-1.6.2.tgz",
			"integrity": "sha512-TrFOpe9k9xIK2iLfIG5T2+bavUAWBvAC/KQ/3ecFsK65l9PAZ/j3zlkyLxNrpIksFtUBkfVdV03kwFurZjqzKQ=="
		},
		"node_modules/@microsoft/fast-foundation": {
			"version": "2.25.1",
			"resolved": "https://registry.npmjs.org/@microsoft/fast-foundation/-/fast-foundation-2.25.1.tgz",
			"integrity": "sha512-7RuHTsgXFu7irhGicb4MUcgFOqrmW3dLynZTBO5FJPOVXZhWqnsAL4Vp8ZtPXb5mXfbN9co9xmnI2og3SrLQ+Q==",
			"dependencies": {
				"@microsoft/fast-element": "^1.6.2",
				"@microsoft/fast-web-utilities": "^5.0.2",
				"@microsoft/tsdoc-config": "^0.13.4",
				"tabbable": "^5.2.0",
				"tslib": "^1.13.0"
			}
		},
		"node_modules/@microsoft/fast-foundation/node_modules/tslib": {
			"version": "1.14.1",
			"resolved": "https://registry.npmjs.org/tslib/-/tslib-1.14.1.tgz",
			"integrity": "sha512-Xni35NKzjgMrwevysHTCArtLDpPvye8zV/0E4EyYn43P7/7qvQwPh9BGkHewbMulVntbigmcT7rdX3BNo9wRJg=="
		},
		"node_modules/@microsoft/fast-web-utilities": {
			"version": "5.0.2",
			"resolved": "https://registry.npmjs.org/@microsoft/fast-web-utilities/-/fast-web-utilities-5.0.2.tgz",
			"integrity": "sha512-J8Wy64V1NWF/UjFJ1mvmJNNPChbWobsNkJ8xNaV5/M+VKOQEOheojrOS+RmOUG7DKTBlCLIbUvyXsj1YiCfwkA==",
			"dependencies": {
				"exenv-es6": "^1.0.0"
			}
		},
		"node_modules/@microsoft/tsdoc": {
			"version": "0.12.24",
			"resolved": "https://registry.npmjs.org/@microsoft/tsdoc/-/tsdoc-0.12.24.tgz",
			"integrity": "sha512-Mfmij13RUTmHEMi9vRUhMXD7rnGR2VvxeNYtaGtaJ4redwwjT4UXYJ+nzmVJF7hhd4pn/Fx5sncDKxMVFJSWPg=="
		},
		"node_modules/@microsoft/tsdoc-config": {
			"version": "0.13.9",
			"resolved": "https://registry.npmjs.org/@microsoft/tsdoc-config/-/tsdoc-config-0.13.9.tgz",
			"integrity": "sha512-VqqZn+rT9f6XujFPFR2aN9XKF/fuir/IzKVzoxI0vXIzxysp4ee6S2jCakmlGFHEasibifFTsJr7IYmRPxfzYw==",
			"dependencies": {
				"@microsoft/tsdoc": "0.12.24",
				"ajv": "~6.12.6",
				"jju": "~1.4.0",
				"resolve": "~1.19.0"
			}
		},
		"node_modules/@types/trusted-types": {
			"version": "2.0.2",
			"resolved": "https://registry.npmjs.org/@types/trusted-types/-/trusted-types-2.0.2.tgz",
			"integrity": "sha512-F5DIZ36YVLE+PN+Zwws4kJogq47hNgX3Nx6WyDJ3kcplxyke3XIzB8uK5n/Lpm1HBsbGzd6nmGehL8cPekP+Tg=="
		},
		"node_modules/ajv": {
			"version": "6.12.6",
			"resolved": "https://registry.npmjs.org/ajv/-/ajv-6.12.6.tgz",
			"integrity": "sha512-j3fVLgvTo527anyYyJOGTYJbG+vnnQYvE0m5mmkc1TK+nxAppkCLMIL0aZ4dblVCNoGShhm+kzE4ZUykBoMg4g==",
			"dependencies": {
				"fast-deep-equal": "^3.1.1",
				"fast-json-stable-stringify": "^2.0.0",
				"json-schema-traverse": "^0.4.1",
				"uri-js": "^4.2.2"
			},
			"funding": {
				"type": "github",
				"url": "https://github.com/sponsors/epoberezkin"
			}
		},
		"node_modules/autosize": {
			"version": "5.0.1",
			"resolved": "https://registry.npmjs.org/autosize/-/autosize-5.0.1.tgz",
			"integrity": "sha512-UIWUlE4TOVPNNj2jjrU39wI4hEYbneUypEqcyRmRFIx5CC2gNdg3rQr+Zh7/3h6egbBvm33TDQjNQKtj9Tk1HA=="
		},
		"node_modules/exenv-es6": {
			"version": "1.0.0",
			"resolved": "https://registry.npmjs.org/exenv-es6/-/exenv-es6-1.0.0.tgz",
			"integrity": "sha512-fcG/TX8Ruv9Ma6PBaiNsUrHRJzVzuFMP6LtPn/9iqR+nr9mcLeEOGzXQGLC5CVQSXGE98HtzW2mTZkrCA3XrDg=="
		},
		"node_modules/fast-deep-equal": {
			"version": "3.1.3",
			"resolved": "https://registry.npmjs.org/fast-deep-equal/-/fast-deep-equal-3.1.3.tgz",
			"integrity": "sha512-f3qQ9oQy9j2AhBe/H9VC91wLmKBCCU/gDOnKNAYG5hswO7BLKj09Hc5HYNz9cGI++xlpDCIgDaitVs03ATR84Q=="
		},
		"node_modules/fast-json-stable-stringify": {
			"version": "2.1.0",
			"resolved": "https://registry.npmjs.org/fast-json-stable-stringify/-/fast-json-stable-stringify-2.1.0.tgz",
			"integrity": "sha512-lhd/wF+Lk98HZoTCtlVraHtfh5XYijIjalXck7saUtuanSDyLMxnHhSXEDJqHxD7msR8D0uCmqlkwjCV8xvwHw=="
		},
		"node_modules/function-bind": {
			"version": "1.1.1",
			"resolved": "https://registry.npmjs.org/function-bind/-/function-bind-1.1.1.tgz",
			"integrity": "sha512-yIovAzMX49sF8Yl58fSCWJ5svSLuaibPxXQJFLmBObTuCr0Mf1KiPopGM9NiFjiYBCbfaa2Fh6breQ6ANVTI0A=="
		},
		"node_modules/has": {
			"version": "1.0.3",
			"resolved": "https://registry.npmjs.org/has/-/has-1.0.3.tgz",
			"integrity": "sha512-f2dvO0VU6Oej7RkWJGrehjbzMAjFp5/VKPp5tTpWIV4JHHZK1/BxbFRtf/siA2SWTe09caDmVtYYzWEIbBS4zw==",
			"dependencies": {
				"function-bind": "^1.1.1"
			},
			"engines": {
				"node": ">= 0.4.0"
			}
		},
		"node_modules/is-core-module": {
			"version": "2.8.0",
			"resolved": "https://registry.npmjs.org/is-core-module/-/is-core-module-2.8.0.tgz",
			"integrity": "sha512-vd15qHsaqrRL7dtH6QNuy0ndJmRDrS9HAM1CAiSifNUFv4x1a0CCVsj18hJ1mShxIG6T2i1sO78MkP56r0nYRw==",
			"dependencies": {
				"has": "^1.0.3"
			},
			"funding": {
				"url": "https://github.com/sponsors/ljharb"
			}
		},
		"node_modules/jju": {
			"version": "1.4.0",
			"resolved": "https://registry.npmjs.org/jju/-/jju-1.4.0.tgz",
			"integrity": "sha1-o6vicYryQaKykE+EpiWXDzia4yo="
		},
		"node_modules/json-schema-traverse": {
			"version": "0.4.1",
			"resolved": "https://registry.npmjs.org/json-schema-traverse/-/json-schema-traverse-0.4.1.tgz",
			"integrity": "sha512-xbbCH5dCYU5T8LcEhhuh7HJ88HXuW3qsI3Y0zOZFKfZEHcpWiHU/Jxzk629Brsab/mMiHQti9wMP+845RPe3Vg=="
		},
		"node_modules/lit": {
			"version": "2.0.2",
			"resolved": "https://registry.npmjs.org/lit/-/lit-2.0.2.tgz",
			"integrity": "sha512-hKA/1YaSB+P+DvKWuR2q1Xzy/iayhNrJ3aveD0OQ9CKn6wUjsdnF/7LavDOJsKP/K5jzW/kXsuduPgRvTFrFJw==",
			"dependencies": {
				"@lit/reactive-element": "^1.0.0",
				"lit-element": "^3.0.0",
				"lit-html": "^2.0.0"
			}
		},
		"node_modules/lit-element": {
			"version": "3.0.1",
			"resolved": "https://registry.npmjs.org/lit-element/-/lit-element-3.0.1.tgz",
			"integrity": "sha512-vs9uybH9ORyK49CFjoNGN85HM9h5bmisU4TQ63phe/+GYlwvY/3SIFYKdjV6xNvzz8v2MnVC+9+QOkPqh+Q3Ew==",
			"dependencies": {
				"@lit/reactive-element": "^1.0.0",
				"lit-html": "^2.0.0"
			}
		},
		"node_modules/lit-html": {
			"version": "2.0.1",
			"resolved": "https://registry.npmjs.org/lit-html/-/lit-html-2.0.1.tgz",
			"integrity": "sha512-KF5znvFdXbxTYM/GjpdOOnMsjgRcFGusTnB54ixnCTya5zUR0XqrDRj29ybuLS+jLXv1jji6Y8+g4W7WP8uL4w==",
			"dependencies": {
				"@types/trusted-types": "^2.0.2"
			}
		},
		"node_modules/path-parse": {
			"version": "1.0.7",
			"resolved": "https://registry.npmjs.org/path-parse/-/path-parse-1.0.7.tgz",
			"integrity": "sha512-LDJzPVEEEPR+y48z93A0Ed0yXb8pAByGWo/k5YYdYgpY2/2EsOsksJrq7lOHxryrVOn1ejG6oAp8ahvOIQD8sw=="
		},
		"node_modules/punycode": {
			"version": "2.1.1",
			"resolved": "https://registry.npmjs.org/punycode/-/punycode-2.1.1.tgz",
			"integrity": "sha512-XRsRjdf+j5ml+y/6GKHPZbrF/8p2Yga0JPtdqTIY2Xe5ohJPD9saDJJLPvp9+NSBprVvevdXZybnj2cv8OEd0A==",
			"engines": {
				"node": ">=6"
			}
		},
		"node_modules/resolve": {
			"version": "1.19.0",
			"resolved": "https://registry.npmjs.org/resolve/-/resolve-1.19.0.tgz",
			"integrity": "sha512-rArEXAgsBG4UgRGcynxWIWKFvh/XZCcS8UJdHhwy91zwAvCZIbcs+vAbflgBnNjYMs/i/i+/Ux6IZhML1yPvxg==",
			"dependencies": {
				"is-core-module": "^2.1.0",
				"path-parse": "^1.0.6"
			},
			"funding": {
				"url": "https://github.com/sponsors/ljharb"
			}
		},
		"node_modules/tabbable": {
			"version": "5.2.1",
			"resolved": "https://registry.npmjs.org/tabbable/-/tabbable-5.2.1.tgz",
			"integrity": "sha512-40pEZ2mhjaZzK0BnI+QGNjJO8UYx9pP5v7BGe17SORTO0OEuuaAwQTkAp8whcZvqon44wKFOikD+Al11K3JICQ=="
		},
		"node_modules/tslib": {
			"version": "2.3.1",
			"resolved": "https://registry.npmjs.org/tslib/-/tslib-2.3.1.tgz",
			"integrity": "sha512-77EbyPPpMz+FRFRuAFlWMtmgUWGe9UOG2Z25NqCwiIjRhOf5iKGuzSe5P2w1laq+FkRy4p+PCuVkJSGkzTEKVw==",
			"dev": true
		},
		"node_modules/typescript": {
			"version": "4.5.2",
			"resolved": "https://registry.npmjs.org/typescript/-/typescript-4.5.2.tgz",
			"integrity": "sha512-5BlMof9H1yGt0P8/WF+wPNw6GfctgGjXp5hkblpyT+8rkASSmkUKMXrxR0Xg8ThVCi/JnHQiKXeBaEwCeQwMFw==",
			"dev": true,
			"bin": {
				"tsc": "bin/tsc",
				"tsserver": "bin/tsserver"
			},
			"engines": {
				"node": ">=4.2.0"
			}
		},
		"node_modules/uri-js": {
			"version": "4.4.1",
			"resolved": "https://registry.npmjs.org/uri-js/-/uri-js-4.4.1.tgz",
			"integrity": "sha512-7rKUyy33Q1yc98pQ1DAmLtwX109F7TIfWlW1Ydo8Wl1ii1SeHieeh0HHfPeL2fMXK6z0s8ecKs9frCuLJvndBg==",
			"dependencies": {
				"punycode": "^2.1.0"
			}
		}
	},
	"dependencies": {
		"@fluentui/web-components": {
			"version": "2.1.0",
			"resolved": "https://registry.npmjs.org/@fluentui/web-components/-/web-components-2.1.0.tgz",
			"integrity": "sha512-iYF9I8xpIPgcUQQmIxA5Gc6M6o7yuvpmavMDQbNYEl5g9LeQXsBwpckqxnxs1Md8F5j7Jl/mKDI1HJXCu9zYFw==",
			"requires": {
				"@microsoft/fast-colors": "^5.1.0",
				"@microsoft/fast-element": "^1.6.0",
				"@microsoft/fast-foundation": "^2.24.0",
				"@microsoft/fast-web-utilities": "^5.0.0",
				"tslib": "^1.13.0"
			},
			"dependencies": {
				"tslib": {
					"version": "1.14.1",
					"resolved": "https://registry.npmjs.org/tslib/-/tslib-1.14.1.tgz",
					"integrity": "sha512-Xni35NKzjgMrwevysHTCArtLDpPvye8zV/0E4EyYn43P7/7qvQwPh9BGkHewbMulVntbigmcT7rdX3BNo9wRJg=="
				}
			}
		},
		"@lit/reactive-element": {
			"version": "1.0.1",
			"resolved": "https://registry.npmjs.org/@lit/reactive-element/-/reactive-element-1.0.1.tgz",
			"integrity": "sha512-nSD5AA2AZkKuXuvGs8IK7K5ZczLAogfDd26zT9l6S7WzvqALdVWcW5vMUiTnZyj5SPcNwNNANj0koeV1ieqTFQ=="
		},
		"@microsoft/fast-colors": {
			"version": "5.1.3",
			"resolved": "https://registry.npmjs.org/@microsoft/fast-colors/-/fast-colors-5.1.3.tgz",
			"integrity": "sha512-XDEnRYxPO5P3Jsizm4TCxLu1osS/uV3Lym6SfRhq2PxfXPTgEcdvOYDUXyV2drqebs3U5VQnOcYcJiSp73xhng=="
		},
		"@microsoft/fast-element": {
			"version": "1.6.2",
			"resolved": "https://registry.npmjs.org/@microsoft/fast-element/-/fast-element-1.6.2.tgz",
			"integrity": "sha512-TrFOpe9k9xIK2iLfIG5T2+bavUAWBvAC/KQ/3ecFsK65l9PAZ/j3zlkyLxNrpIksFtUBkfVdV03kwFurZjqzKQ=="
		},
		"@microsoft/fast-foundation": {
			"version": "2.25.1",
			"resolved": "https://registry.npmjs.org/@microsoft/fast-foundation/-/fast-foundation-2.25.1.tgz",
			"integrity": "sha512-7RuHTsgXFu7irhGicb4MUcgFOqrmW3dLynZTBO5FJPOVXZhWqnsAL4Vp8ZtPXb5mXfbN9co9xmnI2og3SrLQ+Q==",
			"requires": {
				"@microsoft/fast-element": "^1.6.2",
				"@microsoft/fast-web-utilities": "^5.0.2",
				"@microsoft/tsdoc-config": "^0.13.4",
				"tabbable": "^5.2.0",
				"tslib": "^1.13.0"
			},
			"dependencies": {
				"tslib": {
					"version": "1.14.1",
					"resolved": "https://registry.npmjs.org/tslib/-/tslib-1.14.1.tgz",
					"integrity": "sha512-Xni35NKzjgMrwevysHTCArtLDpPvye8zV/0E4EyYn43P7/7qvQwPh9BGkHewbMulVntbigmcT7rdX3BNo9wRJg=="
				}
			}
		},
		"@microsoft/fast-web-utilities": {
			"version": "5.0.2",
			"resolved": "https://registry.npmjs.org/@microsoft/fast-web-utilities/-/fast-web-utilities-5.0.2.tgz",
			"integrity": "sha512-J8Wy64V1NWF/UjFJ1mvmJNNPChbWobsNkJ8xNaV5/M+VKOQEOheojrOS+RmOUG7DKTBlCLIbUvyXsj1YiCfwkA==",
			"requires": {
				"exenv-es6": "^1.0.0"
			}
		},
		"@microsoft/tsdoc": {
			"version": "0.12.24",
			"resolved": "https://registry.npmjs.org/@microsoft/tsdoc/-/tsdoc-0.12.24.tgz",
			"integrity": "sha512-Mfmij13RUTmHEMi9vRUhMXD7rnGR2VvxeNYtaGtaJ4redwwjT4UXYJ+nzmVJF7hhd4pn/Fx5sncDKxMVFJSWPg=="
		},
		"@microsoft/tsdoc-config": {
			"version": "0.13.9",
			"resolved": "https://registry.npmjs.org/@microsoft/tsdoc-config/-/tsdoc-config-0.13.9.tgz",
			"integrity": "sha512-VqqZn+rT9f6XujFPFR2aN9XKF/fuir/IzKVzoxI0vXIzxysp4ee6S2jCakmlGFHEasibifFTsJr7IYmRPxfzYw==",
			"requires": {
				"@microsoft/tsdoc": "0.12.24",
				"ajv": "~6.12.6",
				"jju": "~1.4.0",
				"resolve": "~1.19.0"
			}
		},
		"@types/trusted-types": {
			"version": "2.0.2",
			"resolved": "https://registry.npmjs.org/@types/trusted-types/-/trusted-types-2.0.2.tgz",
			"integrity": "sha512-F5DIZ36YVLE+PN+Zwws4kJogq47hNgX3Nx6WyDJ3kcplxyke3XIzB8uK5n/Lpm1HBsbGzd6nmGehL8cPekP+Tg=="
		},
		"ajv": {
			"version": "6.12.6",
			"resolved": "https://registry.npmjs.org/ajv/-/ajv-6.12.6.tgz",
			"integrity": "sha512-j3fVLgvTo527anyYyJOGTYJbG+vnnQYvE0m5mmkc1TK+nxAppkCLMIL0aZ4dblVCNoGShhm+kzE4ZUykBoMg4g==",
			"requires": {
				"fast-deep-equal": "^3.1.1",
				"fast-json-stable-stringify": "^2.0.0",
				"json-schema-traverse": "^0.4.1",
				"uri-js": "^4.2.2"
			}
		},
		"autosize": {
			"version": "5.0.1",
			"resolved": "https://registry.npmjs.org/autosize/-/autosize-5.0.1.tgz",
			"integrity": "sha512-UIWUlE4TOVPNNj2jjrU39wI4hEYbneUypEqcyRmRFIx5CC2gNdg3rQr+Zh7/3h6egbBvm33TDQjNQKtj9Tk1HA=="
		},
		"exenv-es6": {
			"version": "1.0.0",
			"resolved": "https://registry.npmjs.org/exenv-es6/-/exenv-es6-1.0.0.tgz",
			"integrity": "sha512-fcG/TX8Ruv9Ma6PBaiNsUrHRJzVzuFMP6LtPn/9iqR+nr9mcLeEOGzXQGLC5CVQSXGE98HtzW2mTZkrCA3XrDg=="
		},
		"fast-deep-equal": {
			"version": "3.1.3",
			"resolved": "https://registry.npmjs.org/fast-deep-equal/-/fast-deep-equal-3.1.3.tgz",
			"integrity": "sha512-f3qQ9oQy9j2AhBe/H9VC91wLmKBCCU/gDOnKNAYG5hswO7BLKj09Hc5HYNz9cGI++xlpDCIgDaitVs03ATR84Q=="
		},
		"fast-json-stable-stringify": {
			"version": "2.1.0",
			"resolved": "https://registry.npmjs.org/fast-json-stable-stringify/-/fast-json-stable-stringify-2.1.0.tgz",
			"integrity": "sha512-lhd/wF+Lk98HZoTCtlVraHtfh5XYijIjalXck7saUtuanSDyLMxnHhSXEDJqHxD7msR8D0uCmqlkwjCV8xvwHw=="
		},
		"function-bind": {
			"version": "1.1.1",
			"resolved": "https://registry.npmjs.org/function-bind/-/function-bind-1.1.1.tgz",
			"integrity": "sha512-yIovAzMX49sF8Yl58fSCWJ5svSLuaibPxXQJFLmBObTuCr0Mf1KiPopGM9NiFjiYBCbfaa2Fh6breQ6ANVTI0A=="
		},
		"has": {
			"version": "1.0.3",
			"resolved": "https://registry.npmjs.org/has/-/has-1.0.3.tgz",
			"integrity": "sha512-f2dvO0VU6Oej7RkWJGrehjbzMAjFp5/VKPp5tTpWIV4JHHZK1/BxbFRtf/siA2SWTe09caDmVtYYzWEIbBS4zw==",
			"requires": {
				"function-bind": "^1.1.1"
			}
		},
		"is-core-module": {
			"version": "2.8.0",
			"resolved": "https://registry.npmjs.org/is-core-module/-/is-core-module-2.8.0.tgz",
			"integrity": "sha512-vd15qHsaqrRL7dtH6QNuy0ndJmRDrS9HAM1CAiSifNUFv4x1a0CCVsj18hJ1mShxIG6T2i1sO78MkP56r0nYRw==",
			"requires": {
				"has": "^1.0.3"
			}
		},
		"jju": {
			"version": "1.4.0",
			"resolved": "https://registry.npmjs.org/jju/-/jju-1.4.0.tgz",
			"integrity": "sha1-o6vicYryQaKykE+EpiWXDzia4yo="
		},
		"json-schema-traverse": {
			"version": "0.4.1",
			"resolved": "https://registry.npmjs.org/json-schema-traverse/-/json-schema-traverse-0.4.1.tgz",
			"integrity": "sha512-xbbCH5dCYU5T8LcEhhuh7HJ88HXuW3qsI3Y0zOZFKfZEHcpWiHU/Jxzk629Brsab/mMiHQti9wMP+845RPe3Vg=="
		},
		"lit": {
			"version": "2.0.2",
			"resolved": "https://registry.npmjs.org/lit/-/lit-2.0.2.tgz",
			"integrity": "sha512-hKA/1YaSB+P+DvKWuR2q1Xzy/iayhNrJ3aveD0OQ9CKn6wUjsdnF/7LavDOJsKP/K5jzW/kXsuduPgRvTFrFJw==",
			"requires": {
				"@lit/reactive-element": "^1.0.0",
				"lit-element": "^3.0.0",
				"lit-html": "^2.0.0"
			}
		},
		"lit-element": {
			"version": "3.0.1",
			"resolved": "https://registry.npmjs.org/lit-element/-/lit-element-3.0.1.tgz",
			"integrity": "sha512-vs9uybH9ORyK49CFjoNGN85HM9h5bmisU4TQ63phe/+GYlwvY/3SIFYKdjV6xNvzz8v2MnVC+9+QOkPqh+Q3Ew==",
			"requires": {
				"@lit/reactive-element": "^1.0.0",
				"lit-html": "^2.0.0"
			}
		},
		"lit-html": {
			"version": "2.0.1",
			"resolved": "https://registry.npmjs.org/lit-html/-/lit-html-2.0.1.tgz",
			"integrity": "sha512-KF5znvFdXbxTYM/GjpdOOnMsjgRcFGusTnB54ixnCTya5zUR0XqrDRj29ybuLS+jLXv1jji6Y8+g4W7WP8uL4w==",
			"requires": {
				"@types/trusted-types": "^2.0.2"
			}
		},
		"path-parse": {
			"version": "1.0.7",
			"resolved": "https://registry.npmjs.org/path-parse/-/path-parse-1.0.7.tgz",
			"integrity": "sha512-LDJzPVEEEPR+y48z93A0Ed0yXb8pAByGWo/k5YYdYgpY2/2EsOsksJrq7lOHxryrVOn1ejG6oAp8ahvOIQD8sw=="
		},
		"punycode": {
			"version": "2.1.1",
			"resolved": "https://registry.npmjs.org/punycode/-/punycode-2.1.1.tgz",
			"integrity": "sha512-XRsRjdf+j5ml+y/6GKHPZbrF/8p2Yga0JPtdqTIY2Xe5ohJPD9saDJJLPvp9+NSBprVvevdXZybnj2cv8OEd0A=="
		},
		"resolve": {
			"version": "1.19.0",
			"resolved": "https://registry.npmjs.org/resolve/-/resolve-1.19.0.tgz",
			"integrity": "sha512-rArEXAgsBG4UgRGcynxWIWKFvh/XZCcS8UJdHhwy91zwAvCZIbcs+vAbflgBnNjYMs/i/i+/Ux6IZhML1yPvxg==",
			"requires": {
				"is-core-module": "^2.1.0",
				"path-parse": "^1.0.6"
			}
		},
		"tabbable": {
			"version": "5.2.1",
			"resolved": "https://registry.npmjs.org/tabbable/-/tabbable-5.2.1.tgz",
			"integrity": "sha512-40pEZ2mhjaZzK0BnI+QGNjJO8UYx9pP5v7BGe17SORTO0OEuuaAwQTkAp8whcZvqon44wKFOikD+Al11K3JICQ=="
		},
		"tslib": {
			"version": "2.3.1",
			"resolved": "https://registry.npmjs.org/tslib/-/tslib-2.3.1.tgz",
			"integrity": "sha512-77EbyPPpMz+FRFRuAFlWMtmgUWGe9UOG2Z25NqCwiIjRhOf5iKGuzSe5P2w1laq+FkRy4p+PCuVkJSGkzTEKVw==",
			"dev": true
		},
		"typescript": {
			"version": "4.5.2",
			"resolved": "https://registry.npmjs.org/typescript/-/typescript-4.5.2.tgz",
			"integrity": "sha512-5BlMof9H1yGt0P8/WF+wPNw6GfctgGjXp5hkblpyT+8rkASSmkUKMXrxR0Xg8ThVCi/JnHQiKXeBaEwCeQwMFw==",
			"dev": true
		},
		"uri-js": {
			"version": "4.4.1",
			"resolved": "https://registry.npmjs.org/uri-js/-/uri-js-4.4.1.tgz",
			"integrity": "sha512-7rKUyy33Q1yc98pQ1DAmLtwX109F7TIfWlW1Ydo8Wl1ii1SeHieeh0HHfPeL2fMXK6z0s8ecKs9frCuLJvndBg==",
			"requires": {
				"punycode": "^2.1.0"
			}
		}
	}
}
